
Microsoft Visual Studio Solution File, Format Version 12.00
Project("{FAE04EC0-301F-11D3-BF4B-00C04F79EFBC}") = "Day05", "Day05\Day05.csproj", "{0B677A1E-E37C-4CEB-80F6-85140456DD68}"
EndProject
Project("{FAE04EC0-301F-11D3-BF4B-00C04F79EFBC}") = "Day05Tests", "Day05Tests\Day05Tests.csproj", "{C44602C3-71EF-4FFB-BF7C-40AD9B358E29}"
EndProject
Global
	GlobalSection(SolutionConfigurationPlatforms) = preSolution
		Debug|Any CPU = Debug|Any CPU
		Release|Any CPU = Release|Any CPU
	EndGlobalSection
	GlobalSection(ProjectConfigurationPlatforms) = postSolution
		{0B677A1E-E37C-4CEB-80F6-85140456DD68}.Debug|Any CPU.ActiveCfg = Debug|Any CPU
		{0B677A1E-E37C-4CEB-80F6-85140456DD68}.Debug|Any CPU.Build.0 = Debug|Any CPU
		{0B677A1E-E37C-4CEB-80F6-85140456DD68}.Release|Any CPU.ActiveCfg = Release|Any CPU
		{0B677A1E-E37C-4CEB-80F6-85140456DD68}.Release|Any CPU.Build.0 = Release|Any CPU
		{C44602C3-71EF-4FFB-BF7C-40AD9B358E29}.Debug|Any CPU.ActiveCfg = Debug|Any CPU
		{C44602C3-71EF-4FFB-BF7C-40AD9B358E29}.Debug|Any CPU.Build.0 = Debug|Any CPU
		{C44602C3-71EF-4FFB-BF7C-40AD9B358E29}.Release|Any CPU.ActiveCfg = Release|Any CPU
		{C44602C3-71EF-4FFB-BF7C-40AD9B358E29}.Release|Any CPU.Build.0 = Release|Any CPU
	EndGlobalSection
EndGlobal
